// !$*UTF8*$!
{
	archiveVersion = 1;
	classes = {
	};
	objectVersion = 46;
	objects = {

/* Begin PBXBuildFile section */
		FF20D6571EDCC2AF00294B78 /* AppDelegate.swift in Sources */ = {isa = PBXBuildFile; fileRef = FF20D6561EDCC2AF00294B78 /* AppDelegate.swift */; };
		FF20D6591EDCC2AF00294B78 /* MasterViewController.swift in Sources */ = {isa = PBXBuildFile; fileRef = FF20D6581EDCC2AF00294B78 /* MasterViewController.swift */; };
		FF20D65B1EDCC2AF00294B78 /* DetailViewController.swift in Sources */ = {isa = PBXBuildFile; fileRef = FF20D65A1EDCC2AF00294B78 /* DetailViewController.swift */; };
		FF20D65E1EDCC2AF00294B78 /* Main.storyboard in Resources */ = {isa = PBXBuildFile; fileRef = FF20D65C1EDCC2AF00294B78 /* Main.storyboard */; };
		FF20D6601EDCC2AF00294B78 /* Assets.xcassets in Resources */ = {isa = PBXBuildFile; fileRef = FF20D65F1EDCC2AF00294B78 /* Assets.xcassets */; };
		FF20D6631EDCC2AF00294B78 /* LaunchScreen.storyboard in Resources */ = {isa = PBXBuildFile; fileRef = FF20D6611EDCC2AF00294B78 /* LaunchScreen.storyboard */; };
		FF7691571EDD78EE00713F4B /* VideoExporter.swift in Sources */ = {isa = PBXBuildFile; fileRef = FF7691561EDD78EE00713F4B /* VideoExporter.swift */; };
		FF7691591EDD7BA900713F4B /* URL+Helpers.swift in Sources */ = {isa = PBXBuildFile; fileRef = FF7691581EDD7BA900713F4B /* URL+Helpers.swift */; };
		FF76915B1EDDA53300713F4B /* PHAsset+Helpers.swift in Sources */ = {isa = PBXBuildFile; fileRef = FF76915A1EDDA53300713F4B /* PHAsset+Helpers.swift */; };
/* End PBXBuildFile section */

/* Begin PBXFileReference section */
		FF20D6531EDCC2AF00294B78 /* VideoExporter.app */ = {isa = PBXFileReference; explicitFileType = wrapper.application; includeInIndex = 0; path = VideoExporter.app; sourceTree = BUILT_PRODUCTS_DIR; };
		FF20D6561EDCC2AF00294B78 /* AppDelegate.swift */ = {isa = PBXFileReference; lastKnownFileType = sourcecode.swift; path = AppDelegate.swift; sourceTree = "<group>"; };
		FF20D6581EDCC2AF00294B78 /* MasterViewController.swift */ = {isa = PBXFileReference; lastKnownFileType = sourcecode.swift; path = MasterViewController.swift; sourceTree = "<group>"; };
		FF20D65A1EDCC2AF00294B78 /* DetailViewController.swift */ = {isa = PBXFileReference; lastKnownFileType = sourcecode.swift; path = DetailViewController.swift; sourceTree = "<group>"; };
		FF20D65D1EDCC2AF00294B78 /* Base */ = {isa = PBXFileReference; lastKnownFileType = file.storyboard; name = Base; path = Base.lproj/Main.storyboard; sourceTree = "<group>"; };
		FF20D65F1EDCC2AF00294B78 /* Assets.xcassets */ = {isa = PBXFileReference; lastKnownFileType = folder.assetcatalog; path = Assets.xcassets; sourceTree = "<group>"; };
		FF20D6621EDCC2AF00294B78 /* Base */ = {isa = PBXFileReference; lastKnownFileType = file.storyboard; name = Base; path = Base.lproj/LaunchScreen.storyboard; sourceTree = "<group>"; };
		FF20D6641EDCC2AF00294B78 /* Info.plist */ = {isa = PBXFileReference; lastKnownFileType = text.plist.xml; path = Info.plist; sourceTree = "<group>"; };
		FF7691561EDD78EE00713F4B /* VideoExporter.swift */ = {isa = PBXFileReference; fileEncoding = 4; lastKnownFileType = sourcecode.swift; path = VideoExporter.swift; sourceTree = "<group>"; };
		FF7691581EDD7BA900713F4B /* URL+Helpers.swift */ = {isa = PBXFileReference; fileEncoding = 4; lastKnownFileType = sourcecode.swift; path = "URL+Helpers.swift"; sourceTree = "<group>"; };
		FF76915A1EDDA53300713F4B /* PHAsset+Helpers.swift */ = {isa = PBXFileReference; fileEncoding = 4; lastKnownFileType = sourcecode.swift; path = "PHAsset+Helpers.swift"; sourceTree = "<group>"; };
		FF76915C1EDF384100713F4B /* LICENSE.txt */ = {isa = PBXFileReference; fileEncoding = 4; lastKnownFileType = text; path = LICENSE.txt; sourceTree = "<group>"; };
		FF76915D1EDF384100713F4B /* README.md */ = {isa = PBXFileReference; fileEncoding = 4; lastKnownFileType = net.daringfireball.markdown; path = README.md; sourceTree = "<group>"; };
/* End PBXFileReference section */

/* Begin PBXFrameworksBuildPhase section */
		FF20D6501EDCC2AF00294B78 /* Frameworks */ = {
			isa = PBXFrameworksBuildPhase;
			buildActionMask = 2147483647;
			files = (
			);
			runOnlyForDeploymentPostprocessing = 0;
		};
/* End PBXFrameworksBuildPhase section */

/* Begin PBXGroup section */
		FF20D64A1EDCC2AF00294B78 = {
			isa = PBXGroup;
			children = (
				FF76915C1EDF384100713F4B /* LICENSE.txt */,
				FF76915D1EDF384100713F4B /* README.md */,
				FF20D6551EDCC2AF00294B78 /* VideoExporter */,
				FF20D6541EDCC2AF00294B78 /* Products */,
			);
			sourceTree = "<group>";
		};
		FF20D6541EDCC2AF00294B78 /* Products */ = {
			isa = PBXGroup;
			children = (
				FF20D6531EDCC2AF00294B78 /* VideoExporter.app */,
			);
			name = Products;
			sourceTree = "<group>";
		};
		FF20D6551EDCC2AF00294B78 /* VideoExporter */ = {
			isa = PBXGroup;
			children = (
				FF20D6561EDCC2AF00294B78 /* AppDelegate.swift */,
				FF20D6581EDCC2AF00294B78 /* MasterViewController.swift */,
				FF20D65A1EDCC2AF00294B78 /* DetailViewController.swift */,
				FF20D65C1EDCC2AF00294B78 /* Main.storyboard */,
				FF20D65F1EDCC2AF00294B78 /* Assets.xcassets */,
				FF20D6611EDCC2AF00294B78 /* LaunchScreen.storyboard */,
				FF20D6641EDCC2AF00294B78 /* Info.plist */,
				FF7691561EDD78EE00713F4B /* VideoExporter.swift */,
				FF7691581EDD7BA900713F4B /* URL+Helpers.swift */,
				FF76915A1EDDA53300713F4B /* PHAsset+Helpers.swift */,
			);
			path = VideoExporter;
			sourceTree = "<group>";
		};
/* End PBXGroup section */

/* Begin PBXNativeTarget section */
		FF20D6521EDCC2AF00294B78 /* VideoExporter */ = {
			isa = PBXNativeTarget;
			buildConfigurationList = FF20D6671EDCC2AF00294B78 /* Build configuration list for PBXNativeTarget "VideoExporter" */;
			buildPhases = (
				FF20D64F1EDCC2AF00294B78 /* Sources */,
				FF20D6501EDCC2AF00294B78 /* Frameworks */,
				FF20D6511EDCC2AF00294B78 /* Resources */,
			);
			buildRules = (
			);
			dependencies = (
			);
			name = VideoExporter;
			productName = VideoExporter;
			productReference = FF20D6531EDCC2AF00294B78 /* VideoExporter.app */;
			productType = "com.apple.product-type.application";
		};
/* End PBXNativeTarget section */

/* Begin PBXProject section */
		FF20D64B1EDCC2AF00294B78 /* Project object */ = {
			isa = PBXProject;
			attributes = {
				LastSwiftUpdateCheck = 0830;
				LastUpgradeCheck = 0830;
				ORGANIZATIONNAME = "Sergio Estevao";
				TargetAttributes = {
					FF20D6521EDCC2AF00294B78 = {
						CreatedOnToolsVersion = 8.3.2;
						DevelopmentTeam = PZYM8XX95Q;
						ProvisioningStyle = Automatic;
					};
				};
			};
			buildConfigurationList = FF20D64E1EDCC2AF00294B78 /* Build configuration list for PBXProject "VideoExporter" */;
			compatibilityVersion = "Xcode 3.2";
			developmentRegion = English;
			hasScannedForEncodings = 0;
			knownRegions = (
				en,
				Base,
			);
			mainGroup = FF20D64A1EDCC2AF00294B78;
			productRefGroup = FF20D6541EDCC2AF00294B78 /* Products */;
			projectDirPath = "";
			projectRoot = "";
			targets = (
				FF20D6521EDCC2AF00294B78 /* VideoExporter */,
			);
		};
/* End PBXProject section */

/* Begin PBXResourcesBuildPhase section */
		FF20D6511EDCC2AF00294B78 /* Resources */ = {
			isa = PBXResourcesBuildPhase;
			buildActionMask = 2147483647;
			files = (
				FF20D6631EDCC2AF00294B78 /* LaunchScreen.storyboard in Resources */,
				FF20D6601EDCC2AF00294B78 /* Assets.xcassets in Resources */,
				FF20D65E1EDCC2AF00294B78 /* Main.storyboard in Resources */,
			);
			runOnlyForDeploymentPostprocessing = 0;
		};
/* End PBXResourcesBuildPhase section */

/* Begin PBXSourcesBuildPhase section */
		FF20D64F1EDCC2AF00294B78 /* Sources */ = {
			isa = PBXSourcesBuildPhase;
			buildActionMask = 2147483647;
			files = (
				FF20D65B1EDCC2AF00294B78 /* DetailViewController.swift in Sources */,
				FF7691591EDD7BA900713F4B /* URL+Helpers.swift in Sources */,
				FF76915B1EDDA53300713F4B /* PHAsset+Helpers.swift in Sources */,
				FF20D6591EDCC2AF00294B78 /* MasterViewController.swift in Sources */,
				FF7691571EDD78EE00713F4B /* VideoExporter.swift in Sources */,
				FF20D6571EDCC2AF00294B78 /* AppDelegate.swift in Sources */,
			);
			runOnlyForDeploymentPostprocessing = 0;
		};
/* End PBXSourcesBuildPhase section */

/* Begin PBXVariantGroup section */
		FF20D65C1EDCC2AF00294B78 /* Main.storyboard */ = {
			isa = PBXVariantGroup;
			children = (
				FF20D65D1EDCC2AF00294B78 /* Base */,
			);
			name = Main.storyboard;
			sourceTree = "<group>";
		};
		FF20D6611EDCC2AF00294B78 /* LaunchScreen.storyboard */ = {
			isa = PBXVariantGroup;
			children = (
				FF20D6621EDCC2AF00294B78 /* Base */,
			);
			name = LaunchScreen.storyboard;
			sourceTree = "<group>";
		};
/* End PBXVariantGroup section */

/* Begin XCBuildConfiguration section */
		FF20D6651EDCC2AF00294B78 /* Debug */ = {
			isa = XCBuildConfiguration;
			buildSettings = {
				ALWAYS_SEARCH_USER_PATHS = NO;
				CLANG_ANALYZER_NONNULL = YES;
				CLANG_ANALYZER_NUMBER_OBJECT_CONVERSION = YES_AGGRESSIVE;
				CLANG_CXX_LANGUAGE_STANDARD = "gnu++0x";
				CLANG_CXX_LIBRARY = "libc++";
				CLANG_ENABLE_MODULES = YES;
				CLANG_ENABLE_OBJC_ARC = YES;
				CLANG_WARN_BOOL_CONVERSION = YES;
				CLANG_WARN_CONSTANT_CONVERSION = YES;
				CLANG_WARN_DIRECT_OBJC_ISA_USAGE = YES_ERROR;
				CLANG_WARN_DOCUMENTATION_COMMENTS = YES;
				CLANG_WARN_EMPTY_BODY = YES;
				CLANG_WARN_ENUM_CONVERSION = YES;
				CLANG_WARN_INFINITE_RECURSION = YES;
				CLANG_WARN_INT_CONVERSION = YES;
				CLANG_WARN_OBJC_ROOT_CLASS = YES_ERROR;
				CLANG_WARN_SUSPICIOUS_MOVE = YES;
				CLANG_WARN_UNREACHABLE_CODE = YES;
				CLANG_WARN__DUPLICATE_METHOD_MATCH = YES;
				"CODE_SIGN_IDENTITY[sdk=iphoneos*]" = "iPhone Developer";
				COPY_PHASE_STRIP = NO;
				DEBUG_INFORMATION_FORMAT = dwarf;
				ENABLE_STRICT_OBJC_MSGSEND = YES;
				ENABLE_TESTABILITY = YES;
				GCC_C_LANGUAGE_STANDARD = gnu99;
				GCC_DYNAMIC_NO_PIC = NO;
				GCC_NO_COMMON_BLOCKS = YES;
				GCC_OPTIMIZATION_LEVEL = 0;
				GCC_PREPROCESSOR_DEFINITIONS = (
					"DEBUG=1",
					"$(inherited)",
				);
				GCC_WARN_64_TO_32_BIT_CONVERSION = YES;
				GCC_WARN_ABOUT_RETURN_TYPE = YES_ERROR;
				GCC_WARN_UNDECLARED_SELECTOR = YES;
				GCC_WARN_UNINITIALIZED_AUTOS = YES_AGGRESSIVE;
				GCC_WARN_UNUSED_FUNCTION = YES;
				GCC_WARN_UNUSED_VARIABLE = YES;
				IPHONEOS_DEPLOYMENT_TARGET = 10.3;
				MTL_ENABLE_DEBUG_INFO = YES;
				ONLY_ACTIVE_ARCH = YES;
				SDKROOT = iphoneos;
				SWIFT_ACTIVE_COMPILATION_CONDITIONS = DEBUG;
				SWIFT_OPTIMIZATION_LEVEL = "-Onone";
				TARGETED_DEVICE_FAMILY = "1,2";
			};
			name = Debug;
		};
		FF20D6661EDCC2AF00294B78 /* Release */ = {
			isa = XCBuildConfiguration;
			buildSettings = {
				ALWAYS_SEARCH_USER_PATHS = NO;
				CLANG_ANALYZER_NONNULL = YES;
				CLANG_ANALYZER_NUMBER_OBJECT_CONVERSION = YES_AGGRESSIVE;
				CLANG_CXX_LANGUAGE_STANDARD = "gnu++0x";
				CLANG_CXX_LIBRARY = "libc++";
				CLANG_ENABLE_MODULES = YES;
				CLANG_ENABLE_OBJC_ARC = YES;
				CLANG_WARN_BOOL_CONVERSION = YES;
				CLANG_WARN_CONSTANT_CONVERSION = YES;
				CLANG_WARN_DIRECT_OBJC_ISA_USAGE = YES_ERROR;
				CLANG_WARN_DOCUMENTATION_COMMENTS = YES;
				CLANG_WARN_EMPTY_BODY = YES;
				CLANG_WARN_ENUM_CONVERSION = YES;
				CLANG_WARN_INFINITE_RECURSION = YES;
				CLANG_WARN_INT_CONVERSION = YES;
				CLANG_WARN_OBJC_ROOT_CLASS = YES_ERROR;
				CLANG_WARN_SUSPICIOUS_MOVE = YES;
				CLANG_WARN_UNREACHABLE_CODE = YES;
				CLANG_WARN__DUPLICATE_METHOD_MATCH = YES;
				"CODE_SIGN_IDENTITY[sdk=iphoneos*]" = "iPhone Developer";
				COPY_PHASE_STRIP = NO;
				DEBUG_INFORMATION_FORMAT = "dwarf-with-dsym";
				ENABLE_NS_ASSERTIONS = NO;
				ENABLE_STRICT_OBJC_MSGSEND = YES;
				GCC_C_LANGUAGE_STANDARD = gnu99;
				GCC_NO_COMMON_BLOCKS = YES;
				GCC_WARN_64_TO_32_BIT_CONVERSION = YES;
				GCC_WARN_ABOUT_RETURN_TYPE = YES_ERROR;
				GCC_WARN_UNDECLARED_SELECTOR = YES;
				GCC_WARN_UNINITIALIZED_AUTOS = YES_AGGRESSIVE;
				GCC_WARN_UNUSED_FUNCTION = YES;
				GCC_WARN_UNUSED_VARIABLE = YES;
				IPHONEOS_DEPLOYMENT_TARGET = 10.3;
				MTL_ENABLE_DEBUG_INFO = NO;
				SDKROOT = iphoneos;
				SWIFT_OPTIMIZATION_LEVEL = "-Owholemodule";
				TARGETED_DEVICE_FAMILY = "1,2";
				VALIDATE_PRODUCT = YES;
			};
			name = Release;
		};
		FF20D6681EDCC2AF00294B78 /* Debug */ = {
			isa = XCBuildConfiguration;
			buildSettings = {
				ASSETCATALOG_COMPILER_APPICON_NAME = AppIcon;
				DEVELOPMENT_TEAM = PZYM8XX95Q;
				INFOPLIST_FILE = VideoExporter/Info.plist;
				LD_RUNPATH_SEARCH_PATHS = "$(inherited) @executable_path/Frameworks";
				PRODUCT_BUNDLE_IDENTIFIER = com.sergioestevao.VideoExporter;
				PRODUCT_NAME = "$(TARGET_NAME)";
				SWIFT_VERSION = 3.0;
			};
			name = Debug;
		};
		FF20D6691EDCC2AF00294B78 /* Release */ = {
			isa = XCBuildConfiguration;
			buildSettings = {
				ASSETCATALOG_COMPILER_APPICON_NAME = AppIcon;
				DEVELOPMENT_TEAM = PZYM8XX95Q;
				INFOPLIST_FILE = VideoExporter/Info.plist;
				LD_RUNPATH_SEARCH_PATHS = "$(inherited) @executable_path/Frameworks";
				PRODUCT_BUNDLE_IDENTIFIER = com.sergioestevao.VideoExporter;
				PRODUCT_NAME = "$(TARGET_NAME)";
				SWIFT_VERSION = 3.0;
			};
			name = Release;
		};
/* End XCBuildConfiguration section */

/* Begin XCConfigurationList section */
		FF20D64E1EDCC2AF00294B78 /* Build configuration list for PBXProject "VideoExporter" */ = {
			isa = XCConfigurationList;
			buildConfigurations = (
				FF20D6651EDCC2AF00294B78 /* Debug */,
				FF20D6661EDCC2AF00294B78 /* Release */,
			);
			defaultConfigurationIsVisible = 0;
			defaultConfigurationName = Release;
		};
		FF20D6671EDCC2AF00294B78 /* Build configuration list for PBXNativeTarget "VideoExporter" */ = {
			isa = XCConfigurationList;
			buildConfigurations = (
				FF20D6681EDCC2AF00294B78 /* Debug */,
				FF20D6691EDCC2AF00294B78 /* Release */,
			);
			defaultConfigurationIsVisible = 0;
			defaultConfigurationName = Release;
		};
/* End XCConfigurationList section */
	};
	rootObject = FF20D64B1EDCC2AF00294B78 /* Project object */;
}
